<?xml version="1.0" encoding="utf-8"?>
<Project ToolsVersion="4.0" xmlns="http://schemas.microsoft.com/developer/msbuild/2003">
  <ItemGroup>
    <ClCompile Include="main.cpp" />
    <ClCompile Include="ECS\ECS.cpp">
      <Filter>ECS</Filter>
    </ClCompile>
    <ClCompile Include="GameController\GameController.cpp">
      <Filter>GameController</Filter>
    </ClCompile>
    <ClCompile Include="Class\Scene\Menu.cpp">
      <Filter>Class\Scene</Filter>
    </ClCompile>
    <ClCompile Include="Class\Scene\Result.cpp">
      <Filter>Class\Scene</Filter>
    </ClCompile>
    <ClCompile Include="Class\Scene\Title.cpp">
      <Filter>Class\Scene</Filter>
    </ClCompile>
    <ClCompile Include="Class\Scene\Game.cpp">
      <Filter>Class\Scene</Filter>
    </ClCompile>
    <ClCompile Include="Class\Scene\Pause.cpp">
      <Filter>Class\Scene</Filter>
    </ClCompile>
  </ItemGroup>
  <ItemGroup>
    <Filter Include="Collision">
      <UniqueIdentifier>{627c36ce-c283-4249-b175-1d0a501f48b6}</UniqueIdentifier>
    </Filter>
    <Filter Include="System">
      <UniqueIdentifier>{2c17779e-5bdc-4083-bfb5-9bd5dbb943ae}</UniqueIdentifier>
    </Filter>
    <Filter Include="Utility">
      <UniqueIdentifier>{f3107098-3717-40cc-ae63-db15155d1761}</UniqueIdentifier>
    </Filter>
    <Filter Include="ResourceManager">
      <UniqueIdentifier>{03cb3af6-9062-4035-8223-757b53185250}</UniqueIdentifier>
    </Filter>
    <Filter Include="Components">
      <UniqueIdentifier>{66bf0db4-2e51-4493-b65b-31c45fdd199d}</UniqueIdentifier>
    </Filter>
    <Filter Include="ECS">
      <UniqueIdentifier>{3ccc7d88-c38c-47b3-86fb-22c7a1bbedd4}</UniqueIdentifier>
    </Filter>
    <Filter Include="GameController">
      <UniqueIdentifier>{756deecd-f2a4-47dc-be44-81fba07e9505}</UniqueIdentifier>
    </Filter>
    <Filter Include="Class">
      <UniqueIdentifier>{22ca671e-5c47-4a15-82ce-10c7b8411e50}</UniqueIdentifier>
    </Filter>
    <Filter Include="Events">
      <UniqueIdentifier>{45a90f34-719c-4be8-beae-59e2b1003c2b}</UniqueIdentifier>
    </Filter>
    <Filter Include="Components\ComponentDatas">
      <UniqueIdentifier>{798d7670-4fa0-46dd-b539-ef29eeee8bc6}</UniqueIdentifier>
    </Filter>
    <Filter Include="ArcheType">
      <UniqueIdentifier>{ce2bfcf7-1bbf-4073-ae7f-7f5ac9e319c7}</UniqueIdentifier>
    </Filter>
    <Filter Include="Class\Scene">
      <UniqueIdentifier>{5fe58b71-7b37-44a6-99ea-5fb34bac7da0}</UniqueIdentifier>
    </Filter>
  </ItemGroup>
  <ItemGroup>
    <ClInclude Include="Collision\Collision.hpp">
      <Filter>Collision</Filter>
    </ClInclude>
    <ClInclude Include="Components\Collider.hpp">
      <Filter>Components</Filter>
    </ClInclude>
    <ClInclude Include="Components\Renderer.hpp">
      <Filter>Components</Filter>
    </ClInclude>
    <ClInclude Include="ECS\ECS.hpp">
      <Filter>ECS</Filter>
    </ClInclude>
    <ClInclude Include="GameController\GameMain.hpp">
      <Filter>GameController</Filter>
    </ClInclude>
    <ClInclude Include="ResourceManager\ResourceManager.hpp">
      <Filter>ResourceManager</Filter>
    </ClInclude>
    <ClInclude Include="Utility\Counter.hpp">
      <Filter>Utility</Filter>
    </ClInclude>
    <ClInclude Include="Utility\Easing.hpp">
      <Filter>Utility</Filter>
    </ClInclude>
    <ClInclude Include="Utility\FPS.hpp">
      <Filter>Utility</Filter>
    </ClInclude>
    <ClInclude Include="Utility\Random.hpp">
      <Filter>Utility</Filter>
    </ClInclude>
    <ClInclude Include="Utility\Utility.hpp">
      <Filter>Utility</Filter>
    </ClInclude>
    <ClInclude Include="Utility\Vec.hpp">
      <Filter>Utility</Filter>
    </ClInclude>
    <ClInclude Include="System\System.hpp">
      <Filter>System</Filter>
    </ClInclude>
    <ClInclude Include="Events\AtackEvent.hpp">
      <Filter>Events</Filter>
    </ClInclude>
    <ClInclude Include="Events\ContinueTap.hpp">
      <Filter>Events</Filter>
    </ClInclude>
    <ClInclude Include="Events\PauseTap.hpp">
      <Filter>Events</Filter>
    </ClInclude>
    <ClInclude Include="Events\ReturnFirstTap.hpp">
      <Filter>Events</Filter>
    </ClInclude>
    <ClInclude Include="Events\TitleTap.hpp">
      <Filter>Events</Filter>
    </ClInclude>
    <ClInclude Include="Components\ComponentDatas\PlayerData.hpp">
      <Filter>Components\ComponentDatas</Filter>
    </ClInclude>
    <ClInclude Include="Components\MapMove.hpp">
      <Filter>Components</Filter>
    </ClInclude>
    <ClInclude Include="ArcheType\Map.hpp">
      <Filter>ArcheType</Filter>
    </ClInclude>
    <ClInclude Include="ArcheType\Player.hpp">
      <Filter>ArcheType</Filter>
    </ClInclude>
    <ClInclude Include="Class\TouchInput.hpp">
      <Filter>Class</Filter>
    </ClInclude>
    <ClInclude Include="Components\Behavior.hpp">
      <Filter>Components</Filter>
    </ClInclude>
    <ClInclude Include="Components\Jump.hpp">
      <Filter>Components</Filter>
    </ClInclude>
    <ClInclude Include="Components\Think.hpp">
      <Filter>Components</Filter>
    </ClInclude>
    <ClInclude Include="GameController\GameController.h">
      <Filter>GameController</Filter>
    </ClInclude>
    <ClInclude Include="Class\DXFilieRead.hpp">
      <Filter>Class</Filter>
    </ClInclude>
    <ClInclude Include="Class\Scene\SceneManager.hpp">
      <Filter>Class\Scene</Filter>
    </ClInclude>
    <ClInclude Include="Class\Scene\Game.h">
      <Filter>Class\Scene</Filter>
    </ClInclude>
    <ClInclude Include="Class\Scene\Menu.h">
      <Filter>Class\Scene</Filter>
    </ClInclude>
    <ClInclude Include="Class\Scene\Pause.h">
      <Filter>Class\Scene</Filter>
    </ClInclude>
    <ClInclude Include="Class\Scene\Result.h">
      <Filter>Class\Scene</Filter>
    </ClInclude>
    <ClInclude Include="Class\Scene\Title.h">
      <Filter>Class\Scene</Filter>
    </ClInclude>
    <ClInclude Include="Events\EventManager.hpp">
      <Filter>Events</Filter>
    </ClInclude>
    <ClInclude Include="Components\BasicComponents.hpp">
      <Filter>Components</Filter>
    </ClInclude>
    <ClInclude Include="Components\AnimationController.hpp">
      <Filter>Components</Filter>
    </ClInclude>
    <ClInclude Include="ArcheType\AttackCollision.hpp">
      <Filter>ArcheType</Filter>
    </ClInclude>
    <ClInclude Include="Components\ChaseEntity.hpp">
      <Filter>Components</Filter>
    </ClInclude>
    <ClInclude Include="ArcheType\Enemy.hpp">
      <Filter>ArcheType</Filter>
    </ClInclude>
    <ClInclude Include="Components\EnemyDefaultMove.hpp">
      <Filter>Components</Filter>
    </ClInclude>
    <ClInclude Include="Components\CorrectionPosition.hpp">
      <Filter>Components</Filter>
    </ClInclude>
    <ClInclude Include="Components\OutsideOfScreen.hpp">
      <Filter>Components</Filter>
    </ClInclude>
    <ClInclude Include="Components\SideHitBase.hpp">
      <Filter>Components</Filter>
    </ClInclude>
    <ClInclude Include="Components\ComponentDatas\CollisionData.hpp">
      <Filter>Components\ComponentDatas</Filter>
    </ClInclude>
    <ClInclude Include="Components\ComponentDatas\EnemyData.hpp">
      <Filter>Components\ComponentDatas</Filter>
    </ClInclude>
    <ClInclude Include="Class\StageData.hpp">
      <Filter>Class</Filter>
    </ClInclude>
    <ClInclude Include="Class\StageLoader.hpp">
      <Filter>Class</Filter>
    </ClInclude>
    <ClInclude Include="Class\StageCreator.hpp">
      <Filter>Class</Filter>
    </ClInclude>
    <ClInclude Include="Components\HealthRelationUI.hpp">
      <Filter>Components</Filter>
    </ClInclude>
    <ClInclude Include="ArcheType\HealthUI.hpp">
      <Filter>ArcheType</Filter>
    </ClInclude>
    <ClInclude Include="Components\EntityHealthState.hpp">
      <Filter>Components</Filter>
    </ClInclude>
    <ClInclude Include="Components\ImageFontDraw.hpp">
      <Filter>Components</Filter>
    </ClInclude>
    <ClInclude Include="Components\TotalScoreDraw.hpp">
      <Filter>Components</Filter>
    </ClInclude>
    <ClInclude Include="ArcheType\Score.hpp">
      <Filter>ArcheType</Filter>
    </ClInclude>
    <ClInclude Include="Events\AddScoreEvent.hpp">
      <Filter>Events</Filter>
    </ClInclude>
    <ClInclude Include="Utility\Converter.hpp">
      <Filter>Utility</Filter>
    </ClInclude>
    <ClInclude Include="ArcheType\Effect.hpp">
      <Filter>ArcheType</Filter>
    </ClInclude>
    <ClInclude Include="Components\EnemyEffectMove.hpp">
      <Filter>Components</Filter>
    </ClInclude>
    <ClInclude Include="Components\EntityCounter.hpp">
      <Filter>Components</Filter>
    </ClInclude>
    <ClInclude Include="Events\GoalEvent.hpp">
      <Filter>Events</Filter>
    </ClInclude>
    <ClInclude Include="Components\PlayerDash.hpp">
      <Filter>Components</Filter>
    </ClInclude>
    <ClInclude Include="Components\EasingMove.hpp">
      <Filter>Components</Filter>
    </ClInclude>
    <ClInclude Include="ArcheType\Button.hpp">
      <Filter>ArcheType</Filter>
    </ClInclude>
    <ClInclude Include="Components\BlendMode.hpp">
      <Filter>Components</Filter>
    </ClInclude>
    <ClInclude Include="Events\ButtonEvent.hpp">
      <Filter>Events</Filter>
    </ClInclude>
    <ClInclude Include="Components\ComponentDatas\ButtonTag.hpp">
      <Filter>Components\ComponentDatas</Filter>
    </ClInclude>
    <ClInclude Include="Components\PlayerAddComponent.hpp">
      <Filter>Components</Filter>
    </ClInclude>
    <ClInclude Include="ArcheType\Cloud.hpp">
      <Filter>ArcheType</Filter>
    </ClInclude>
    <ClInclude Include="Class\CloudCreater.hpp">
      <Filter>Class</Filter>
    </ClInclude>
    <ClInclude Include="Class\Sound.hpp">
      <Filter>Class</Filter>
    </ClInclude>
    <ClInclude Include="Components\EnemyEvent.hpp">
      <Filter>Components</Filter>
    </ClInclude>
    <ClInclude Include="Class\Scene\Parameter.hpp">
      <Filter>Utility</Filter>
    </ClInclude>
    <ClInclude Include="ArcheType\ArcheType.hpp">
      <Filter>ArcheType</Filter>
    </ClInclude>
<<<<<<< HEAD
    <ClInclude Include="Class\RankSelector.hpp">
      <Filter>Class</Filter>
    </ClInclude>
    <ClInclude Include="Components\GradationColor.hpp">
      <Filter>Components</Filter>
=======
    <ClInclude Include="ArcheType\Sky.hpp">
      <Filter>ArcheType</Filter>
>>>>>>> master
    </ClInclude>
  </ItemGroup>
</Project>